
Microsoft Visual Studio Solution File, Format Version 12.00
# Visual Studio Version 16
VisualStudioVersion = 16.0.32929.386
MinimumVisualStudioVersion = 10.0.40219.1
Project("{FAE04EC0-301F-11D3-BF4B-00C04F79EFBC}") = "DataCenterConnectDB", "DataCenterConnectDB\DataCenterConnectDB.csproj", "{207FD8A2-F784-4F17-9DEA-BA04DFEA34E8}"
EndProject
Global
	GlobalSection(SolutionConfigurationPlatforms) = preSolution
		Debug|Any CPU = Debug|Any CPU
		Release|Any CPU = Release|Any CPU
	EndGlobalSection
	GlobalSection(ProjectConfigurationPlatforms) = postSolution
		{207FD8A2-F784-4F17-9DEA-BA04DFEA34E8}.Debug|Any CPU.ActiveCfg = Debug|Any CPU
		{207FD8A2-F784-4F17-9DEA-BA04DFEA34E8}.Debug|Any CPU.Build.0 = Debug|Any CPU
		{207FD8A2-F784-4F17-9DEA-BA04DFEA34E8}.Release|Any CPU.ActiveCfg = Release|Any CPU
		{207FD8A2-F784-4F17-9DEA-BA04DFEA34E8}.Release|Any CPU.Build.0 = Release|Any CPU
	EndGlobalSection
	GlobalSection(SolutionProperties) = preSolution
		HideSolutionNode = FALSE
	EndGlobalSection
	GlobalSection(ExtensibilityGlobals) = postSolution
		SolutionGuid = {CDFFB910-9249-40D2-926E-BC693FB0B1F6}
	EndGlobalSection
EndGlobal
